
Microsoft Visual Studio Solution File, Format Version 12.00
# Visual Studio Version 17
VisualStudioVersion = 17.4.33122.133
MinimumVisualStudioVersion = 10.0.40219.1
Project("{9A19103F-16F7-4668-BE54-9A1E7A4F7556}") = "01.ConvertMetersToKilometers", "01.ConvertMetersToKilometers\01.ConvertMetersToKilometers.csproj", "{1EEB5440-A45D-45E3-B36D-A173D8D2F705}"
EndProject
Project("{FAE04EC0-301F-11D3-BF4B-00C04F79EFBC}") = "02.PoundsToDollars", "02.PoundsToDollars\02.PoundsToDollars.csproj", "{0FFD12E5-1D3F-42A5-BC1C-DECE6EE50AA1}"
EndProject
Project("{FAE04EC0-301F-11D3-BF4B-00C04F79EFBC}") = "03.ExactSumOfRealNumbers", "03.ExactSumOfRealNumbers\03.ExactSumOfRealNumbers.csproj", "{584F0F6B-6094-4A0F-9C23-8F30B30D9A2D}"
EndProject
Project("{FAE04EC0-301F-11D3-BF4B-00C04F79EFBC}") = "04.CenturiesToMinutes", "04.CenturiesToMinutes\04.CenturiesToMinutes.csproj", "{CF7401D5-369D-40CF-A2B4-52913B420820}"
EndProject
Project("{FAE04EC0-301F-11D3-BF4B-00C04F79EFBC}") = "05.SpecialNumbers", "05.SpecialNumbers\05.SpecialNumbers.csproj", "{DEBBBBD3-82DB-48DA-9EE1-76DFEACFA604}"
EndProject
Project("{FAE04EC0-301F-11D3-BF4B-00C04F79EFBC}") = "08.TownInfo", "08.TownInfo\08.TownInfo.csproj", "{BC6E79C0-0A79-47DC-A029-C4A636CB4BAF}"
EndProject
Project("{FAE04EC0-301F-11D3-BF4B-00C04F79EFBC}") = "10.LowerToUpper", "10.LowerToUpper\10.LowerToUpper.csproj", "{24D11FF5-A8EC-41BD-81B8-F581501AC687}"
EndProject
Project("{2150E333-8FDC-42A3-9474-1A3956D46DE8}") = "Solution Items", "Solution Items", "{D0AE5060-A7B2-4537-B397-C27CD5164CBC}"
	ProjectSection(SolutionItems) = preProject
		codesnippet.snippet = codesnippet.snippet
	EndProjectSection
EndProject
Project("{FAE04EC0-301F-11D3-BF4B-00C04F79EFBC}") = "09.CharsToString", "09.CharsToString\09.CharsToString.csproj", "{44BE336B-0CDC-463E-A2DF-FB2AD8157936}"
EndProject
Project("{FAE04EC0-301F-11D3-BF4B-00C04F79EFBC}") = "07.ConcatNames", "07.ConcatNames\07.ConcatNames.csproj", "{9E11DB85-287F-41E2-92F5-DDEC655559BF}"
EndProject
Project("{FAE04EC0-301F-11D3-BF4B-00C04F79EFBC}") = "06.ReversedChars", "06.ReversedChars\06.ReversedChars.csproj", "{EBAEE5A9-977F-4E76-B1D2-4E88174B3D83}"
EndProject
Project("{FAE04EC0-301F-11D3-BF4B-00C04F79EFBC}") = "11.RefactorVolumeOfPyramid", "11.RefactorVolumeOfPyramid\11.RefactorVolumeOfPyramid.csproj", "{13D54E77-07E0-4E19-B122-D163CBC11B09}"
EndProject
Project("{FAE04EC0-301F-11D3-BF4B-00C04F79EFBC}") = "12.RefactoringSpecialNumbers", "12.RefactoringSpecialNumbers\12.RefactoringSpecialNumbers.csproj", "{72590AF3-2443-4A9D-9A40-39E6D7EA442A}"
EndProject
Global
	GlobalSection(SolutionConfigurationPlatforms) = preSolution
		Debug|Any CPU = Debug|Any CPU
		Release|Any CPU = Release|Any CPU
	EndGlobalSection
	GlobalSection(ProjectConfigurationPlatforms) = postSolution
		{1EEB5440-A45D-45E3-B36D-A173D8D2F705}.Debug|Any CPU.ActiveCfg = Debug|Any CPU
		{1EEB5440-A45D-45E3-B36D-A173D8D2F705}.Debug|Any CPU.Build.0 = Debug|Any CPU
		{1EEB5440-A45D-45E3-B36D-A173D8D2F705}.Release|Any CPU.ActiveCfg = Release|Any CPU
		{1EEB5440-A45D-45E3-B36D-A173D8D2F705}.Release|Any CPU.Build.0 = Release|Any CPU
		{0FFD12E5-1D3F-42A5-BC1C-DECE6EE50AA1}.Debug|Any CPU.ActiveCfg = Debug|Any CPU
		{0FFD12E5-1D3F-42A5-BC1C-DECE6EE50AA1}.Debug|Any CPU.Build.0 = Debug|Any CPU
		{0FFD12E5-1D3F-42A5-BC1C-DECE6EE50AA1}.Release|Any CPU.ActiveCfg = Release|Any CPU
		{0FFD12E5-1D3F-42A5-BC1C-DECE6EE50AA1}.Release|Any CPU.Build.0 = Release|Any CPU
		{584F0F6B-6094-4A0F-9C23-8F30B30D9A2D}.Debug|Any CPU.ActiveCfg = Debug|Any CPU
		{584F0F6B-6094-4A0F-9C23-8F30B30D9A2D}.Debug|Any CPU.Build.0 = Debug|Any CPU
		{584F0F6B-6094-4A0F-9C23-8F30B30D9A2D}.Release|Any CPU.ActiveCfg = Release|Any CPU
		{584F0F6B-6094-4A0F-9C23-8F30B30D9A2D}.Release|Any CPU.Build.0 = Release|Any CPU
		{CF7401D5-369D-40CF-A2B4-52913B420820}.Debug|Any CPU.ActiveCfg = Debug|Any CPU
		{CF7401D5-369D-40CF-A2B4-52913B420820}.Debug|Any CPU.Build.0 = Debug|Any CPU
		{CF7401D5-369D-40CF-A2B4-52913B420820}.Release|Any CPU.ActiveCfg = Release|Any CPU
		{CF7401D5-369D-40CF-A2B4-52913B420820}.Release|Any CPU.Build.0 = Release|Any CPU
		{DEBBBBD3-82DB-48DA-9EE1-76DFEACFA604}.Debug|Any CPU.ActiveCfg = Debug|Any CPU
		{DEBBBBD3-82DB-48DA-9EE1-76DFEACFA604}.Debug|Any CPU.Build.0 = Debug|Any CPU
		{DEBBBBD3-82DB-48DA-9EE1-76DFEACFA604}.Release|Any CPU.ActiveCfg = Release|Any CPU
		{DEBBBBD3-82DB-48DA-9EE1-76DFEACFA604}.Release|Any CPU.Build.0 = Release|Any CPU
		{BC6E79C0-0A79-47DC-A029-C4A636CB4BAF}.Debug|Any CPU.ActiveCfg = Debug|Any CPU
		{BC6E79C0-0A79-47DC-A029-C4A636CB4BAF}.Debug|Any CPU.Build.0 = Debug|Any CPU
		{BC6E79C0-0A79-47DC-A029-C4A636CB4BAF}.Release|Any CPU.ActiveCfg = Release|Any CPU
		{BC6E79C0-0A79-47DC-A029-C4A636CB4BAF}.Release|Any CPU.Build.0 = Release|Any CPU
		{24D11FF5-A8EC-41BD-81B8-F581501AC687}.Debug|Any CPU.ActiveCfg = Debug|Any CPU
		{24D11FF5-A8EC-41BD-81B8-F581501AC687}.Debug|Any CPU.Build.0 = Debug|Any CPU
		{24D11FF5-A8EC-41BD-81B8-F581501AC687}.Release|Any CPU.ActiveCfg = Release|Any CPU
		{24D11FF5-A8EC-41BD-81B8-F581501AC687}.Release|Any CPU.Build.0 = Release|Any CPU
		{44BE336B-0CDC-463E-A2DF-FB2AD8157936}.Debug|Any CPU.ActiveCfg = Debug|Any CPU
		{44BE336B-0CDC-463E-A2DF-FB2AD8157936}.Debug|Any CPU.Build.0 = Debug|Any CPU
		{44BE336B-0CDC-463E-A2DF-FB2AD8157936}.Release|Any CPU.ActiveCfg = Release|Any CPU
		{44BE336B-0CDC-463E-A2DF-FB2AD8157936}.Release|Any CPU.Build.0 = Release|Any CPU
		{9E11DB85-287F-41E2-92F5-DDEC655559BF}.Debug|Any CPU.ActiveCfg = Debug|Any CPU
		{9E11DB85-287F-41E2-92F5-DDEC655559BF}.Debug|Any CPU.Build.0 = Debug|Any CPU
		{9E11DB85-287F-41E2-92F5-DDEC655559BF}.Release|Any CPU.ActiveCfg = Release|Any CPU
		{9E11DB85-287F-41E2-92F5-DDEC655559BF}.Release|Any CPU.Build.0 = Release|Any CPU
		{EBAEE5A9-977F-4E76-B1D2-4E88174B3D83}.Debug|Any CPU.ActiveCfg = Debug|Any CPU
		{EBAEE5A9-977F-4E76-B1D2-4E88174B3D83}.Debug|Any CPU.Build.0 = Debug|Any CPU
		{EBAEE5A9-977F-4E76-B1D2-4E88174B3D83}.Release|Any CPU.ActiveCfg = Release|Any CPU
		{EBAEE5A9-977F-4E76-B1D2-4E88174B3D83}.Release|Any CPU.Build.0 = Release|Any CPU
		{13D54E77-07E0-4E19-B122-D163CBC11B09}.Debug|Any CPU.ActiveCfg = Debug|Any CPU
		{13D54E77-07E0-4E19-B122-D163CBC11B09}.Debug|Any CPU.Build.0 = Debug|Any CPU
		{13D54E77-07E0-4E19-B122-D163CBC11B09}.Release|Any CPU.ActiveCfg = Release|Any CPU
		{13D54E77-07E0-4E19-B122-D163CBC11B09}.Release|Any CPU.Build.0 = Release|Any CPU
		{72590AF3-2443-4A9D-9A40-39E6D7EA442A}.Debug|Any CPU.ActiveCfg = Debug|Any CPU
		{72590AF3-2443-4A9D-9A40-39E6D7EA442A}.Debug|Any CPU.Build.0 = Debug|Any CPU
		{72590AF3-2443-4A9D-9A40-39E6D7EA442A}.Release|Any CPU.ActiveCfg = Release|Any CPU
		{72590AF3-2443-4A9D-9A40-39E6D7EA442A}.Release|Any CPU.Build.0 = Release|Any CPU
	EndGlobalSection
	GlobalSection(SolutionProperties) = preSolution
		HideSolutionNode = FALSE
	EndGlobalSection
	GlobalSection(ExtensibilityGlobals) = postSolution
		SolutionGuid = {0F7886B8-853A-4B65-A550-D08EFDD448BA}
	EndGlobalSection
EndGlobal
