
Microsoft Visual Studio Solution File, Format Version 12.00
# Visual Studio Version 17
VisualStudioVersion = 17.4.33122.133
MinimumVisualStudioVersion = 10.0.40219.1
Project("{FAE04EC0-301F-11D3-BF4B-00C04F79EFBC}") = "01.ActionPrint", "01.ActionPrint\01.ActionPrint.csproj", "{D2A5C0C1-27C3-42AC-BA54-F79E9BF25668}"
EndProject
Project("{FAE04EC0-301F-11D3-BF4B-00C04F79EFBC}") = "02.KnightsOfHonor", "02.KnightsOfHonor\02.KnightsOfHonor.csproj", "{98956F0E-947D-4659-9637-C4C1CD96602F}"
EndProject
Project("{FAE04EC0-301F-11D3-BF4B-00C04F79EFBC}") = "03.CustomMinFunction", "03.CustomMinFunction\03.CustomMinFunction.csproj", "{C86A03A7-4CDB-4475-8615-6889913E2F2D}"
EndProject
Project("{FAE04EC0-301F-11D3-BF4B-00C04F79EFBC}") = "04.FindEvensOrOdds", "04.FindEvensOrOdds\04.FindEvensOrOdds.csproj", "{C43D4ED3-DB27-487F-8B21-43B7DE601220}"
EndProject
Project("{FAE04EC0-301F-11D3-BF4B-00C04F79EFBC}") = "05.AppliedArithmetics", "05.AppliedArithmetics\05.AppliedArithmetics.csproj", "{195BD2B5-E19D-42C2-85FE-5D76A8160A70}"
EndProject
Project("{FAE04EC0-301F-11D3-BF4B-00C04F79EFBC}") = "06.ReverseAndExclude", "06.ReverseAndExclude\06.ReverseAndExclude.csproj", "{5550A235-6574-4464-8837-0D01823BB4B9}"
EndProject
Global
	GlobalSection(SolutionConfigurationPlatforms) = preSolution
		Debug|Any CPU = Debug|Any CPU
		Release|Any CPU = Release|Any CPU
	EndGlobalSection
	GlobalSection(ProjectConfigurationPlatforms) = postSolution
		{D2A5C0C1-27C3-42AC-BA54-F79E9BF25668}.Debug|Any CPU.ActiveCfg = Debug|Any CPU
		{D2A5C0C1-27C3-42AC-BA54-F79E9BF25668}.Debug|Any CPU.Build.0 = Debug|Any CPU
		{D2A5C0C1-27C3-42AC-BA54-F79E9BF25668}.Release|Any CPU.ActiveCfg = Release|Any CPU
		{D2A5C0C1-27C3-42AC-BA54-F79E9BF25668}.Release|Any CPU.Build.0 = Release|Any CPU
		{98956F0E-947D-4659-9637-C4C1CD96602F}.Debug|Any CPU.ActiveCfg = Debug|Any CPU
		{98956F0E-947D-4659-9637-C4C1CD96602F}.Debug|Any CPU.Build.0 = Debug|Any CPU
		{98956F0E-947D-4659-9637-C4C1CD96602F}.Release|Any CPU.ActiveCfg = Release|Any CPU
		{98956F0E-947D-4659-9637-C4C1CD96602F}.Release|Any CPU.Build.0 = Release|Any CPU
		{C86A03A7-4CDB-4475-8615-6889913E2F2D}.Debug|Any CPU.ActiveCfg = Debug|Any CPU
		{C86A03A7-4CDB-4475-8615-6889913E2F2D}.Debug|Any CPU.Build.0 = Debug|Any CPU
		{C86A03A7-4CDB-4475-8615-6889913E2F2D}.Release|Any CPU.ActiveCfg = Release|Any CPU
		{C86A03A7-4CDB-4475-8615-6889913E2F2D}.Release|Any CPU.Build.0 = Release|Any CPU
		{C43D4ED3-DB27-487F-8B21-43B7DE601220}.Debug|Any CPU.ActiveCfg = Debug|Any CPU
		{C43D4ED3-DB27-487F-8B21-43B7DE601220}.Debug|Any CPU.Build.0 = Debug|Any CPU
		{C43D4ED3-DB27-487F-8B21-43B7DE601220}.Release|Any CPU.ActiveCfg = Release|Any CPU
		{C43D4ED3-DB27-487F-8B21-43B7DE601220}.Release|Any CPU.Build.0 = Release|Any CPU
		{195BD2B5-E19D-42C2-85FE-5D76A8160A70}.Debug|Any CPU.ActiveCfg = Debug|Any CPU
		{195BD2B5-E19D-42C2-85FE-5D76A8160A70}.Debug|Any CPU.Build.0 = Debug|Any CPU
		{195BD2B5-E19D-42C2-85FE-5D76A8160A70}.Release|Any CPU.ActiveCfg = Release|Any CPU
		{195BD2B5-E19D-42C2-85FE-5D76A8160A70}.Release|Any CPU.Build.0 = Release|Any CPU
		{5550A235-6574-4464-8837-0D01823BB4B9}.Debug|Any CPU.ActiveCfg = Debug|Any CPU
		{5550A235-6574-4464-8837-0D01823BB4B9}.Debug|Any CPU.Build.0 = Debug|Any CPU
		{5550A235-6574-4464-8837-0D01823BB4B9}.Release|Any CPU.ActiveCfg = Release|Any CPU
		{5550A235-6574-4464-8837-0D01823BB4B9}.Release|Any CPU.Build.0 = Release|Any CPU
	EndGlobalSection
	GlobalSection(SolutionProperties) = preSolution
		HideSolutionNode = FALSE
	EndGlobalSection
	GlobalSection(ExtensibilityGlobals) = postSolution
		SolutionGuid = {762403BC-B1C0-4175-968D-CAA94BEDFD47}
	EndGlobalSection
EndGlobal
