
Microsoft Visual Studio Solution File, Format Version 12.00
# Visual Studio Version 17
VisualStudioVersion = 17.4.33122.133
MinimumVisualStudioVersion = 10.0.40219.1
Project("{FAE04EC0-301F-11D3-BF4B-00C04F79EFBC}") = "01.MathOperation", "01.MathOperation\01.MathOperation.csproj", "{905EF3FC-5712-4899-AEFE-002795F6099C}"
EndProject
Global
	GlobalSection(SolutionConfigurationPlatforms) = preSolution
		Debug|Any CPU = Debug|Any CPU
		Release|Any CPU = Release|Any CPU
	EndGlobalSection
	GlobalSection(ProjectConfigurationPlatforms) = postSolution
		{905EF3FC-5712-4899-AEFE-002795F6099C}.Debug|Any CPU.ActiveCfg = Debug|Any CPU
		{905EF3FC-5712-4899-AEFE-002795F6099C}.Debug|Any CPU.Build.0 = Debug|Any CPU
		{905EF3FC-5712-4899-AEFE-002795F6099C}.Release|Any CPU.ActiveCfg = Release|Any CPU
		{905EF3FC-5712-4899-AEFE-002795F6099C}.Release|Any CPU.Build.0 = Release|Any CPU
	EndGlobalSection
	GlobalSection(SolutionProperties) = preSolution
		HideSolutionNode = FALSE
	EndGlobalSection
	GlobalSection(ExtensibilityGlobals) = postSolution
		SolutionGuid = {9337E6E8-584E-4076-9474-C92410EAF172}
	EndGlobalSection
EndGlobal
