
Microsoft Visual Studio Solution File, Format Version 12.00
# Visual Studio Version 17
VisualStudioVersion = 17.4.33122.133
MinimumVisualStudioVersion = 10.0.40219.1
Project("{FAE04EC0-301F-11D3-BF4B-00C04F79EFBC}") = "Problem1-BurgerBus", "01.BurgerBus\Problem1-BurgerBus.csproj", "{AA87A3C2-F0A4-49DA-8FD4-AB362F5567D2}"
EndProject
Project("{FAE04EC0-301F-11D3-BF4B-00C04F79EFBC}") = "Problem3-DeckOfCards", "Problem3-DeckOfCards\Problem3-DeckOfCards.csproj", "{30A7299A-0962-47EC-921A-A9EA3709AAA5}"
EndProject
Project("{FAE04EC0-301F-11D3-BF4B-00C04F79EFBC}") = "Problem2-CoffeeLover", "Problem2-CoffeeLover\Problem2-CoffeeLover.csproj", "{2C9CACC6-DC42-4758-983E-A88078AB29CB}"
EndProject
Global
	GlobalSection(SolutionConfigurationPlatforms) = preSolution
		Debug|Any CPU = Debug|Any CPU
		Release|Any CPU = Release|Any CPU
	EndGlobalSection
	GlobalSection(ProjectConfigurationPlatforms) = postSolution
		{AA87A3C2-F0A4-49DA-8FD4-AB362F5567D2}.Debug|Any CPU.ActiveCfg = Debug|Any CPU
		{AA87A3C2-F0A4-49DA-8FD4-AB362F5567D2}.Debug|Any CPU.Build.0 = Debug|Any CPU
		{AA87A3C2-F0A4-49DA-8FD4-AB362F5567D2}.Release|Any CPU.ActiveCfg = Release|Any CPU
		{AA87A3C2-F0A4-49DA-8FD4-AB362F5567D2}.Release|Any CPU.Build.0 = Release|Any CPU
		{30A7299A-0962-47EC-921A-A9EA3709AAA5}.Debug|Any CPU.ActiveCfg = Debug|Any CPU
		{30A7299A-0962-47EC-921A-A9EA3709AAA5}.Debug|Any CPU.Build.0 = Debug|Any CPU
		{30A7299A-0962-47EC-921A-A9EA3709AAA5}.Release|Any CPU.ActiveCfg = Release|Any CPU
		{30A7299A-0962-47EC-921A-A9EA3709AAA5}.Release|Any CPU.Build.0 = Release|Any CPU
		{2C9CACC6-DC42-4758-983E-A88078AB29CB}.Debug|Any CPU.ActiveCfg = Debug|Any CPU
		{2C9CACC6-DC42-4758-983E-A88078AB29CB}.Debug|Any CPU.Build.0 = Debug|Any CPU
		{2C9CACC6-DC42-4758-983E-A88078AB29CB}.Release|Any CPU.ActiveCfg = Release|Any CPU
		{2C9CACC6-DC42-4758-983E-A88078AB29CB}.Release|Any CPU.Build.0 = Release|Any CPU
	EndGlobalSection
	GlobalSection(SolutionProperties) = preSolution
		HideSolutionNode = FALSE
	EndGlobalSection
	GlobalSection(ExtensibilityGlobals) = postSolution
		SolutionGuid = {94657E3F-33FD-43B2-9D4A-EC3C9E36EADE}
	EndGlobalSection
EndGlobal
