
Microsoft Visual Studio Solution File, Format Version 12.00
# Visual Studio Version 17
VisualStudioVersion = 17.4.33122.133
MinimumVisualStudioVersion = 10.0.40219.1
Project("{9A19103F-16F7-4668-BE54-9A1E7A4F7556}") = "01.Ages", "01.Ages\01.Ages.csproj", "{B5E19200-6E15-4254-8E43-772C9AF5286F}"
EndProject
Project("{9A19103F-16F7-4668-BE54-9A1E7A4F7556}") = "02.Division", "02.Division\02.Division.csproj", "{4A664E2E-89BE-4E1B-AD69-8FA05D8E82FF}"
EndProject
Project("{9A19103F-16F7-4668-BE54-9A1E7A4F7556}") = "03.Vacation", "03.Vacation\03.Vacation.csproj", "{F1AF8F1F-563A-49EA-B2C1-6282C5E85DC8}"
EndProject
Project("{9A19103F-16F7-4668-BE54-9A1E7A4F7556}") = "04.PrintAndSum", "04.PrintAndSum\04.PrintAndSum.csproj", "{89278AC4-5AF0-4B7D-9490-7CD27ADD4D79}"
EndProject
Project("{9A19103F-16F7-4668-BE54-9A1E7A4F7556}") = "05.Login", "05.Login\05.Login.csproj", "{E7FDD374-0651-470E-BACB-8E1427925059}"
EndProject
Project("{9A19103F-16F7-4668-BE54-9A1E7A4F7556}") = "08.TriangleOfNumbers", "08.TriangleOfNumbers\08.TriangleOfNumbers.csproj", "{FF667003-50DB-4F3A-9DFC-ED0C554D008A}"
EndProject
Project("{9A19103F-16F7-4668-BE54-9A1E7A4F7556}") = "07.VendingMachine", "07.VendingMachine\07.VendingMachine.csproj", "{FBA75AAF-06BF-44C1-975E-098059938E19}"
EndProject
Project("{9A19103F-16F7-4668-BE54-9A1E7A4F7556}") = "09.PadawanEquipment", "09.PadawanEquipment\09.PadawanEquipment.csproj", "{222B254F-09B3-4C69-BC6F-DDDCB5B42739}"
EndProject
Project("{9A19103F-16F7-4668-BE54-9A1E7A4F7556}") = "10.RageExpenses", "10.RageExpenses\10.RageExpenses.csproj", "{AF741E74-0B98-461B-AABE-026A2683A064}"
EndProject
Project("{FAE04EC0-301F-11D3-BF4B-00C04F79EFBC}") = "11.Orders", "11.Orders\11.Orders.csproj", "{B87077A8-ACAD-411E-BC8F-9BD8FDA007EC}"
EndProject
Project("{FAE04EC0-301F-11D3-BF4B-00C04F79EFBC}") = "06.StrongNumber", "06.StrongNumber\06.StrongNumber.csproj", "{5A2156BD-35EC-4CEB-A357-4FBE8FACB371}"
EndProject
Global
	GlobalSection(SolutionConfigurationPlatforms) = preSolution
		Debug|Any CPU = Debug|Any CPU
		Release|Any CPU = Release|Any CPU
	EndGlobalSection
	GlobalSection(ProjectConfigurationPlatforms) = postSolution
		{B5E19200-6E15-4254-8E43-772C9AF5286F}.Debug|Any CPU.ActiveCfg = Debug|Any CPU
		{B5E19200-6E15-4254-8E43-772C9AF5286F}.Debug|Any CPU.Build.0 = Debug|Any CPU
		{B5E19200-6E15-4254-8E43-772C9AF5286F}.Release|Any CPU.ActiveCfg = Release|Any CPU
		{B5E19200-6E15-4254-8E43-772C9AF5286F}.Release|Any CPU.Build.0 = Release|Any CPU
		{4A664E2E-89BE-4E1B-AD69-8FA05D8E82FF}.Debug|Any CPU.ActiveCfg = Debug|Any CPU
		{4A664E2E-89BE-4E1B-AD69-8FA05D8E82FF}.Debug|Any CPU.Build.0 = Debug|Any CPU
		{4A664E2E-89BE-4E1B-AD69-8FA05D8E82FF}.Release|Any CPU.ActiveCfg = Release|Any CPU
		{4A664E2E-89BE-4E1B-AD69-8FA05D8E82FF}.Release|Any CPU.Build.0 = Release|Any CPU
		{F1AF8F1F-563A-49EA-B2C1-6282C5E85DC8}.Debug|Any CPU.ActiveCfg = Debug|Any CPU
		{F1AF8F1F-563A-49EA-B2C1-6282C5E85DC8}.Debug|Any CPU.Build.0 = Debug|Any CPU
		{F1AF8F1F-563A-49EA-B2C1-6282C5E85DC8}.Release|Any CPU.ActiveCfg = Release|Any CPU
		{F1AF8F1F-563A-49EA-B2C1-6282C5E85DC8}.Release|Any CPU.Build.0 = Release|Any CPU
		{89278AC4-5AF0-4B7D-9490-7CD27ADD4D79}.Debug|Any CPU.ActiveCfg = Debug|Any CPU
		{89278AC4-5AF0-4B7D-9490-7CD27ADD4D79}.Debug|Any CPU.Build.0 = Debug|Any CPU
		{89278AC4-5AF0-4B7D-9490-7CD27ADD4D79}.Release|Any CPU.ActiveCfg = Release|Any CPU
		{89278AC4-5AF0-4B7D-9490-7CD27ADD4D79}.Release|Any CPU.Build.0 = Release|Any CPU
		{E7FDD374-0651-470E-BACB-8E1427925059}.Debug|Any CPU.ActiveCfg = Debug|Any CPU
		{E7FDD374-0651-470E-BACB-8E1427925059}.Debug|Any CPU.Build.0 = Debug|Any CPU
		{E7FDD374-0651-470E-BACB-8E1427925059}.Release|Any CPU.ActiveCfg = Release|Any CPU
		{E7FDD374-0651-470E-BACB-8E1427925059}.Release|Any CPU.Build.0 = Release|Any CPU
		{FF667003-50DB-4F3A-9DFC-ED0C554D008A}.Debug|Any CPU.ActiveCfg = Debug|Any CPU
		{FF667003-50DB-4F3A-9DFC-ED0C554D008A}.Debug|Any CPU.Build.0 = Debug|Any CPU
		{FF667003-50DB-4F3A-9DFC-ED0C554D008A}.Release|Any CPU.ActiveCfg = Release|Any CPU
		{FF667003-50DB-4F3A-9DFC-ED0C554D008A}.Release|Any CPU.Build.0 = Release|Any CPU
		{FBA75AAF-06BF-44C1-975E-098059938E19}.Debug|Any CPU.ActiveCfg = Debug|Any CPU
		{FBA75AAF-06BF-44C1-975E-098059938E19}.Debug|Any CPU.Build.0 = Debug|Any CPU
		{FBA75AAF-06BF-44C1-975E-098059938E19}.Release|Any CPU.ActiveCfg = Release|Any CPU
		{FBA75AAF-06BF-44C1-975E-098059938E19}.Release|Any CPU.Build.0 = Release|Any CPU
		{222B254F-09B3-4C69-BC6F-DDDCB5B42739}.Debug|Any CPU.ActiveCfg = Debug|Any CPU
		{222B254F-09B3-4C69-BC6F-DDDCB5B42739}.Debug|Any CPU.Build.0 = Debug|Any CPU
		{222B254F-09B3-4C69-BC6F-DDDCB5B42739}.Release|Any CPU.ActiveCfg = Release|Any CPU
		{222B254F-09B3-4C69-BC6F-DDDCB5B42739}.Release|Any CPU.Build.0 = Release|Any CPU
		{AF741E74-0B98-461B-AABE-026A2683A064}.Debug|Any CPU.ActiveCfg = Debug|Any CPU
		{AF741E74-0B98-461B-AABE-026A2683A064}.Debug|Any CPU.Build.0 = Debug|Any CPU
		{AF741E74-0B98-461B-AABE-026A2683A064}.Release|Any CPU.ActiveCfg = Release|Any CPU
		{AF741E74-0B98-461B-AABE-026A2683A064}.Release|Any CPU.Build.0 = Release|Any CPU
		{B87077A8-ACAD-411E-BC8F-9BD8FDA007EC}.Debug|Any CPU.ActiveCfg = Debug|Any CPU
		{B87077A8-ACAD-411E-BC8F-9BD8FDA007EC}.Debug|Any CPU.Build.0 = Debug|Any CPU
		{B87077A8-ACAD-411E-BC8F-9BD8FDA007EC}.Release|Any CPU.ActiveCfg = Release|Any CPU
		{B87077A8-ACAD-411E-BC8F-9BD8FDA007EC}.Release|Any CPU.Build.0 = Release|Any CPU
		{5A2156BD-35EC-4CEB-A357-4FBE8FACB371}.Debug|Any CPU.ActiveCfg = Debug|Any CPU
		{5A2156BD-35EC-4CEB-A357-4FBE8FACB371}.Debug|Any CPU.Build.0 = Debug|Any CPU
		{5A2156BD-35EC-4CEB-A357-4FBE8FACB371}.Release|Any CPU.ActiveCfg = Release|Any CPU
		{5A2156BD-35EC-4CEB-A357-4FBE8FACB371}.Release|Any CPU.Build.0 = Release|Any CPU
	EndGlobalSection
	GlobalSection(SolutionProperties) = preSolution
		HideSolutionNode = FALSE
	EndGlobalSection
	GlobalSection(ExtensibilityGlobals) = postSolution
		SolutionGuid = {93035E21-C88E-45AA-907A-95A32D7FD4EC}
	EndGlobalSection
EndGlobal
