
Microsoft Visual Studio Solution File, Format Version 12.00
# Visual Studio Version 17
VisualStudioVersion = 17.4.33122.133
MinimumVisualStudioVersion = 10.0.40219.1
Project("{9A19103F-16F7-4668-BE54-9A1E7A4F7556}") = "Vehicles", "Vehicles\Vehicles.csproj", "{818A0DC1-1DCA-4D63-A7DC-C82FAFE03B60}"
EndProject
Project("{FAE04EC0-301F-11D3-BF4B-00C04F79EFBC}") = "03.Raiding", "03.Raiding\03.Raiding.csproj", "{AC553F79-27D4-439B-A597-A3EC3007680D}"
EndProject
Global
	GlobalSection(SolutionConfigurationPlatforms) = preSolution
		Debug|Any CPU = Debug|Any CPU
		Release|Any CPU = Release|Any CPU
	EndGlobalSection
	GlobalSection(ProjectConfigurationPlatforms) = postSolution
		{818A0DC1-1DCA-4D63-A7DC-C82FAFE03B60}.Debug|Any CPU.ActiveCfg = Debug|Any CPU
		{818A0DC1-1DCA-4D63-A7DC-C82FAFE03B60}.Debug|Any CPU.Build.0 = Debug|Any CPU
		{818A0DC1-1DCA-4D63-A7DC-C82FAFE03B60}.Release|Any CPU.ActiveCfg = Release|Any CPU
		{818A0DC1-1DCA-4D63-A7DC-C82FAFE03B60}.Release|Any CPU.Build.0 = Release|Any CPU
		{AC553F79-27D4-439B-A597-A3EC3007680D}.Debug|Any CPU.ActiveCfg = Debug|Any CPU
		{AC553F79-27D4-439B-A597-A3EC3007680D}.Debug|Any CPU.Build.0 = Debug|Any CPU
		{AC553F79-27D4-439B-A597-A3EC3007680D}.Release|Any CPU.ActiveCfg = Release|Any CPU
		{AC553F79-27D4-439B-A597-A3EC3007680D}.Release|Any CPU.Build.0 = Release|Any CPU
	EndGlobalSection
	GlobalSection(SolutionProperties) = preSolution
		HideSolutionNode = FALSE
	EndGlobalSection
	GlobalSection(ExtensibilityGlobals) = postSolution
		SolutionGuid = {F2EAA50C-0EB0-4575-AC17-6A11F8F70F24}
	EndGlobalSection
EndGlobal
