
Microsoft Visual Studio Solution File, Format Version 12.00
# Visual Studio Version 17
VisualStudioVersion = 17.4.33122.133
MinimumVisualStudioVersion = 10.0.40219.1
Project("{9A19103F-16F7-4668-BE54-9A1E7A4F7556}") = "01.IntegerOperations", "01.IntegerOperations\01.IntegerOperations.csproj", "{F0FF5CBD-4FDF-42F3-9F28-7F695AB867D7}"
EndProject
Project("{9A19103F-16F7-4668-BE54-9A1E7A4F7556}") = "04.SumOfChars", "04.SumOfChars\04.SumOfChars.csproj", "{5DCEECF6-E595-4217-B451-0E8B70CBC8D2}"
EndProject
Project("{9A19103F-16F7-4668-BE54-9A1E7A4F7556}") = "05.PrintPartOfTheASCIITable", "05.PrintPartOfTheASCIITable\05.PrintPartOfTheASCIITable.csproj", "{5C761734-3E3C-4726-A468-36DB0E1FF30D}"
EndProject
Project("{9A19103F-16F7-4668-BE54-9A1E7A4F7556}") = "07.WaterOverflow", "07.WaterOverflow\07.WaterOverflow.csproj", "{A41C7A4B-DE3B-47A9-AED5-AB27574499AD}"
EndProject
Project("{9A19103F-16F7-4668-BE54-9A1E7A4F7556}") = "03.Elevator", "03.Elevator\03.Elevator.csproj", "{A87EEE8A-E511-4E6C-B359-5597FC2C4DDC}"
EndProject
Project("{9A19103F-16F7-4668-BE54-9A1E7A4F7556}") = "02.SumOfDigits", "02.SumOfDigits\02.SumOfDigits.csproj", "{BFC58BC9-4821-4007-B406-910748871875}"
EndProject
Project("{9A19103F-16F7-4668-BE54-9A1E7A4F7556}") = "08.BeerKegs", "08.BeerKegs\08.BeerKegs.csproj", "{6AAE912A-6293-4DF9-922B-6114CA4B118C}"
EndProject
Project("{FAE04EC0-301F-11D3-BF4B-00C04F79EFBC}") = "06.TripleOfLatinLetters", "06.TripleOfLatinLetters\06.TripleOfLatinLetters.csproj", "{F22632BB-90A4-416C-839C-6BE98F2D13D2}"
EndProject
Project("{FAE04EC0-301F-11D3-BF4B-00C04F79EFBC}") = "09.SpiceMustFlow", "09.SpiceMustFlow\09.SpiceMustFlow.csproj", "{6D0C090D-FBC1-4F2D-8C14-F52184521F96}"
EndProject
Project("{FAE04EC0-301F-11D3-BF4B-00C04F79EFBC}") = "10.Pokemon", "10.Pokemon\10.Pokemon.csproj", "{A44ACC0D-B1FC-437C-86C8-0631CDD7144E}"
EndProject
Project("{FAE04EC0-301F-11D3-BF4B-00C04F79EFBC}") = "11.Snowballs", "11.Snowballs\11.Snowballs.csproj", "{A7775C1F-135D-4A5E-8A73-B6CE83ADCB38}"
EndProject
Global
	GlobalSection(SolutionConfigurationPlatforms) = preSolution
		Debug|Any CPU = Debug|Any CPU
		Release|Any CPU = Release|Any CPU
	EndGlobalSection
	GlobalSection(ProjectConfigurationPlatforms) = postSolution
		{F0FF5CBD-4FDF-42F3-9F28-7F695AB867D7}.Debug|Any CPU.ActiveCfg = Debug|Any CPU
		{F0FF5CBD-4FDF-42F3-9F28-7F695AB867D7}.Debug|Any CPU.Build.0 = Debug|Any CPU
		{F0FF5CBD-4FDF-42F3-9F28-7F695AB867D7}.Release|Any CPU.ActiveCfg = Release|Any CPU
		{F0FF5CBD-4FDF-42F3-9F28-7F695AB867D7}.Release|Any CPU.Build.0 = Release|Any CPU
		{5DCEECF6-E595-4217-B451-0E8B70CBC8D2}.Debug|Any CPU.ActiveCfg = Debug|Any CPU
		{5DCEECF6-E595-4217-B451-0E8B70CBC8D2}.Debug|Any CPU.Build.0 = Debug|Any CPU
		{5DCEECF6-E595-4217-B451-0E8B70CBC8D2}.Release|Any CPU.ActiveCfg = Release|Any CPU
		{5DCEECF6-E595-4217-B451-0E8B70CBC8D2}.Release|Any CPU.Build.0 = Release|Any CPU
		{5C761734-3E3C-4726-A468-36DB0E1FF30D}.Debug|Any CPU.ActiveCfg = Debug|Any CPU
		{5C761734-3E3C-4726-A468-36DB0E1FF30D}.Debug|Any CPU.Build.0 = Debug|Any CPU
		{5C761734-3E3C-4726-A468-36DB0E1FF30D}.Release|Any CPU.ActiveCfg = Release|Any CPU
		{5C761734-3E3C-4726-A468-36DB0E1FF30D}.Release|Any CPU.Build.0 = Release|Any CPU
		{A41C7A4B-DE3B-47A9-AED5-AB27574499AD}.Debug|Any CPU.ActiveCfg = Debug|Any CPU
		{A41C7A4B-DE3B-47A9-AED5-AB27574499AD}.Debug|Any CPU.Build.0 = Debug|Any CPU
		{A41C7A4B-DE3B-47A9-AED5-AB27574499AD}.Release|Any CPU.ActiveCfg = Release|Any CPU
		{A41C7A4B-DE3B-47A9-AED5-AB27574499AD}.Release|Any CPU.Build.0 = Release|Any CPU
		{A87EEE8A-E511-4E6C-B359-5597FC2C4DDC}.Debug|Any CPU.ActiveCfg = Debug|Any CPU
		{A87EEE8A-E511-4E6C-B359-5597FC2C4DDC}.Debug|Any CPU.Build.0 = Debug|Any CPU
		{A87EEE8A-E511-4E6C-B359-5597FC2C4DDC}.Release|Any CPU.ActiveCfg = Release|Any CPU
		{A87EEE8A-E511-4E6C-B359-5597FC2C4DDC}.Release|Any CPU.Build.0 = Release|Any CPU
		{BFC58BC9-4821-4007-B406-910748871875}.Debug|Any CPU.ActiveCfg = Debug|Any CPU
		{BFC58BC9-4821-4007-B406-910748871875}.Debug|Any CPU.Build.0 = Debug|Any CPU
		{BFC58BC9-4821-4007-B406-910748871875}.Release|Any CPU.ActiveCfg = Release|Any CPU
		{BFC58BC9-4821-4007-B406-910748871875}.Release|Any CPU.Build.0 = Release|Any CPU
		{6AAE912A-6293-4DF9-922B-6114CA4B118C}.Debug|Any CPU.ActiveCfg = Debug|Any CPU
		{6AAE912A-6293-4DF9-922B-6114CA4B118C}.Debug|Any CPU.Build.0 = Debug|Any CPU
		{6AAE912A-6293-4DF9-922B-6114CA4B118C}.Release|Any CPU.ActiveCfg = Release|Any CPU
		{6AAE912A-6293-4DF9-922B-6114CA4B118C}.Release|Any CPU.Build.0 = Release|Any CPU
		{F22632BB-90A4-416C-839C-6BE98F2D13D2}.Debug|Any CPU.ActiveCfg = Debug|Any CPU
		{F22632BB-90A4-416C-839C-6BE98F2D13D2}.Debug|Any CPU.Build.0 = Debug|Any CPU
		{F22632BB-90A4-416C-839C-6BE98F2D13D2}.Release|Any CPU.ActiveCfg = Release|Any CPU
		{F22632BB-90A4-416C-839C-6BE98F2D13D2}.Release|Any CPU.Build.0 = Release|Any CPU
		{6D0C090D-FBC1-4F2D-8C14-F52184521F96}.Debug|Any CPU.ActiveCfg = Debug|Any CPU
		{6D0C090D-FBC1-4F2D-8C14-F52184521F96}.Debug|Any CPU.Build.0 = Debug|Any CPU
		{6D0C090D-FBC1-4F2D-8C14-F52184521F96}.Release|Any CPU.ActiveCfg = Release|Any CPU
		{6D0C090D-FBC1-4F2D-8C14-F52184521F96}.Release|Any CPU.Build.0 = Release|Any CPU
		{A44ACC0D-B1FC-437C-86C8-0631CDD7144E}.Debug|Any CPU.ActiveCfg = Debug|Any CPU
		{A44ACC0D-B1FC-437C-86C8-0631CDD7144E}.Debug|Any CPU.Build.0 = Debug|Any CPU
		{A44ACC0D-B1FC-437C-86C8-0631CDD7144E}.Release|Any CPU.ActiveCfg = Release|Any CPU
		{A44ACC0D-B1FC-437C-86C8-0631CDD7144E}.Release|Any CPU.Build.0 = Release|Any CPU
		{A7775C1F-135D-4A5E-8A73-B6CE83ADCB38}.Debug|Any CPU.ActiveCfg = Debug|Any CPU
		{A7775C1F-135D-4A5E-8A73-B6CE83ADCB38}.Debug|Any CPU.Build.0 = Debug|Any CPU
		{A7775C1F-135D-4A5E-8A73-B6CE83ADCB38}.Release|Any CPU.ActiveCfg = Release|Any CPU
		{A7775C1F-135D-4A5E-8A73-B6CE83ADCB38}.Release|Any CPU.Build.0 = Release|Any CPU
	EndGlobalSection
	GlobalSection(SolutionProperties) = preSolution
		HideSolutionNode = FALSE
	EndGlobalSection
	GlobalSection(ExtensibilityGlobals) = postSolution
		SolutionGuid = {6E7E08ED-E051-4CA3-9A8F-810CF6C824C6}
	EndGlobalSection
EndGlobal
