
Microsoft Visual Studio Solution File, Format Version 12.00
# Visual Studio Version 17
VisualStudioVersion = 17.4.33122.133
MinimumVisualStudioVersion = 10.0.40219.1
Project("{9A19103F-16F7-4668-BE54-9A1E7A4F7556}") = "AnimalFarm", "AnimalFarm\AnimalFarm.csproj", "{9F3A2AD9-BD29-4728-B2DE-DF94C86E5B2B}"
EndProject
Project("{FAE04EC0-301F-11D3-BF4B-00C04F79EFBC}") = "01.ClassBoxData", "01.ClassBoxData\01.ClassBoxData.csproj", "{D52CE6D7-35BA-474E-B155-082D83FD9DDD}"
EndProject
Project("{FAE04EC0-301F-11D3-BF4B-00C04F79EFBC}") = "04.PizzaCalories", "04.PizzaCalories\04.PizzaCalories.csproj", "{020FCF4B-2489-411D-A620-C9BAFB366C55}"
EndProject
Global
	GlobalSection(SolutionConfigurationPlatforms) = preSolution
		Debug|Any CPU = Debug|Any CPU
		Release|Any CPU = Release|Any CPU
	EndGlobalSection
	GlobalSection(ProjectConfigurationPlatforms) = postSolution
		{9F3A2AD9-BD29-4728-B2DE-DF94C86E5B2B}.Debug|Any CPU.ActiveCfg = Debug|Any CPU
		{9F3A2AD9-BD29-4728-B2DE-DF94C86E5B2B}.Debug|Any CPU.Build.0 = Debug|Any CPU
		{9F3A2AD9-BD29-4728-B2DE-DF94C86E5B2B}.Release|Any CPU.ActiveCfg = Release|Any CPU
		{9F3A2AD9-BD29-4728-B2DE-DF94C86E5B2B}.Release|Any CPU.Build.0 = Release|Any CPU
		{D52CE6D7-35BA-474E-B155-082D83FD9DDD}.Debug|Any CPU.ActiveCfg = Debug|Any CPU
		{D52CE6D7-35BA-474E-B155-082D83FD9DDD}.Debug|Any CPU.Build.0 = Debug|Any CPU
		{D52CE6D7-35BA-474E-B155-082D83FD9DDD}.Release|Any CPU.ActiveCfg = Release|Any CPU
		{D52CE6D7-35BA-474E-B155-082D83FD9DDD}.Release|Any CPU.Build.0 = Release|Any CPU
		{020FCF4B-2489-411D-A620-C9BAFB366C55}.Debug|Any CPU.ActiveCfg = Debug|Any CPU
		{020FCF4B-2489-411D-A620-C9BAFB366C55}.Debug|Any CPU.Build.0 = Debug|Any CPU
		{020FCF4B-2489-411D-A620-C9BAFB366C55}.Release|Any CPU.ActiveCfg = Release|Any CPU
		{020FCF4B-2489-411D-A620-C9BAFB366C55}.Release|Any CPU.Build.0 = Release|Any CPU
	EndGlobalSection
	GlobalSection(SolutionProperties) = preSolution
		HideSolutionNode = FALSE
	EndGlobalSection
	GlobalSection(ExtensibilityGlobals) = postSolution
		SolutionGuid = {16C6B5F8-9855-4B2E-9C91-D9E4C8A8FC04}
	EndGlobalSection
EndGlobal
