
Microsoft Visual Studio Solution File, Format Version 12.00
# Visual Studio Version 17
VisualStudioVersion = 17.4.33122.133
MinimumVisualStudioVersion = 10.0.40219.1
Project("{FAE04EC0-301F-11D3-BF4B-00C04F79EFBC}") = "Problem 1 - WorldTour", "Problem 1 - WorldTour\Problem 1 - WorldTour.csproj", "{A226A39D-A48C-46DA-9449-D573E7ECDA26}"
EndProject
Global
	GlobalSection(SolutionConfigurationPlatforms) = preSolution
		Debug|Any CPU = Debug|Any CPU
		Release|Any CPU = Release|Any CPU
	EndGlobalSection
	GlobalSection(ProjectConfigurationPlatforms) = postSolution
		{A226A39D-A48C-46DA-9449-D573E7ECDA26}.Debug|Any CPU.ActiveCfg = Debug|Any CPU
		{A226A39D-A48C-46DA-9449-D573E7ECDA26}.Debug|Any CPU.Build.0 = Debug|Any CPU
		{A226A39D-A48C-46DA-9449-D573E7ECDA26}.Release|Any CPU.ActiveCfg = Release|Any CPU
		{A226A39D-A48C-46DA-9449-D573E7ECDA26}.Release|Any CPU.Build.0 = Release|Any CPU
	EndGlobalSection
	GlobalSection(SolutionProperties) = preSolution
		HideSolutionNode = FALSE
	EndGlobalSection
	GlobalSection(ExtensibilityGlobals) = postSolution
		SolutionGuid = {A3336377-A153-4962-A607-E338A91D07BF}
	EndGlobalSection
EndGlobal
