
Microsoft Visual Studio Solution File, Format Version 12.00
# Visual Studio Version 17
VisualStudioVersion = 17.4.33122.133
MinimumVisualStudioVersion = 10.0.40219.1
Project("{9A19103F-16F7-4668-BE54-9A1E7A4F7556}") = "01.Train", "01.Train\01.Train.csproj", "{E201EFCC-B21E-42B4-A0EF-E9E2938825D3}"
EndProject
Project("{9A19103F-16F7-4668-BE54-9A1E7A4F7556}") = "02.CommonElements", "02.CommonElements\02.CommonElements.csproj", "{49B2A391-C3F4-4998-834C-DFDD55030A28}"
EndProject
Project("{9A19103F-16F7-4668-BE54-9A1E7A4F7556}") = "03.Zig-ZagArrays", "03.Zig-ZagArrays\03.Zig-ZagArrays.csproj", "{D9EFF79F-8294-4499-8A05-7BAD710CC80C}"
EndProject
Project("{9A19103F-16F7-4668-BE54-9A1E7A4F7556}") = "04.ArrayRotation", "04.ArrayRotation\04.ArrayRotation.csproj", "{D1FD594F-6198-40CD-AD8B-06788BAA23CF}"
EndProject
Project("{9A19103F-16F7-4668-BE54-9A1E7A4F7556}") = "05.TopIntegers", "05.TopIntegers\05.TopIntegers.csproj", "{ADC9F005-2784-4E39-A7CC-0E981B4C2B4B}"
EndProject
Project("{FAE04EC0-301F-11D3-BF4B-00C04F79EFBC}") = "06.EqualSums", "06.EqualSums\06.EqualSums.csproj", "{A3F7CB14-59EB-4FB0-95EC-3731B3FF7027}"
EndProject
Project("{FAE04EC0-301F-11D3-BF4B-00C04F79EFBC}") = "07.MaxSequeceOfEqualElements", "07.MaxSequeceOfEqualElements\07.MaxSequeceOfEqualElements.csproj", "{7B7637CF-E947-4D23-AC71-09998AF39549}"
EndProject
Global
	GlobalSection(SolutionConfigurationPlatforms) = preSolution
		Debug|Any CPU = Debug|Any CPU
		Release|Any CPU = Release|Any CPU
	EndGlobalSection
	GlobalSection(ProjectConfigurationPlatforms) = postSolution
		{E201EFCC-B21E-42B4-A0EF-E9E2938825D3}.Debug|Any CPU.ActiveCfg = Debug|Any CPU
		{E201EFCC-B21E-42B4-A0EF-E9E2938825D3}.Debug|Any CPU.Build.0 = Debug|Any CPU
		{E201EFCC-B21E-42B4-A0EF-E9E2938825D3}.Release|Any CPU.ActiveCfg = Release|Any CPU
		{E201EFCC-B21E-42B4-A0EF-E9E2938825D3}.Release|Any CPU.Build.0 = Release|Any CPU
		{49B2A391-C3F4-4998-834C-DFDD55030A28}.Debug|Any CPU.ActiveCfg = Debug|Any CPU
		{49B2A391-C3F4-4998-834C-DFDD55030A28}.Debug|Any CPU.Build.0 = Debug|Any CPU
		{49B2A391-C3F4-4998-834C-DFDD55030A28}.Release|Any CPU.ActiveCfg = Release|Any CPU
		{49B2A391-C3F4-4998-834C-DFDD55030A28}.Release|Any CPU.Build.0 = Release|Any CPU
		{D9EFF79F-8294-4499-8A05-7BAD710CC80C}.Debug|Any CPU.ActiveCfg = Debug|Any CPU
		{D9EFF79F-8294-4499-8A05-7BAD710CC80C}.Debug|Any CPU.Build.0 = Debug|Any CPU
		{D9EFF79F-8294-4499-8A05-7BAD710CC80C}.Release|Any CPU.ActiveCfg = Release|Any CPU
		{D9EFF79F-8294-4499-8A05-7BAD710CC80C}.Release|Any CPU.Build.0 = Release|Any CPU
		{D1FD594F-6198-40CD-AD8B-06788BAA23CF}.Debug|Any CPU.ActiveCfg = Debug|Any CPU
		{D1FD594F-6198-40CD-AD8B-06788BAA23CF}.Debug|Any CPU.Build.0 = Debug|Any CPU
		{D1FD594F-6198-40CD-AD8B-06788BAA23CF}.Release|Any CPU.ActiveCfg = Release|Any CPU
		{D1FD594F-6198-40CD-AD8B-06788BAA23CF}.Release|Any CPU.Build.0 = Release|Any CPU
		{ADC9F005-2784-4E39-A7CC-0E981B4C2B4B}.Debug|Any CPU.ActiveCfg = Debug|Any CPU
		{ADC9F005-2784-4E39-A7CC-0E981B4C2B4B}.Debug|Any CPU.Build.0 = Debug|Any CPU
		{ADC9F005-2784-4E39-A7CC-0E981B4C2B4B}.Release|Any CPU.ActiveCfg = Release|Any CPU
		{ADC9F005-2784-4E39-A7CC-0E981B4C2B4B}.Release|Any CPU.Build.0 = Release|Any CPU
		{A3F7CB14-59EB-4FB0-95EC-3731B3FF7027}.Debug|Any CPU.ActiveCfg = Debug|Any CPU
		{A3F7CB14-59EB-4FB0-95EC-3731B3FF7027}.Debug|Any CPU.Build.0 = Debug|Any CPU
		{A3F7CB14-59EB-4FB0-95EC-3731B3FF7027}.Release|Any CPU.ActiveCfg = Release|Any CPU
		{A3F7CB14-59EB-4FB0-95EC-3731B3FF7027}.Release|Any CPU.Build.0 = Release|Any CPU
		{7B7637CF-E947-4D23-AC71-09998AF39549}.Debug|Any CPU.ActiveCfg = Debug|Any CPU
		{7B7637CF-E947-4D23-AC71-09998AF39549}.Debug|Any CPU.Build.0 = Debug|Any CPU
		{7B7637CF-E947-4D23-AC71-09998AF39549}.Release|Any CPU.ActiveCfg = Release|Any CPU
		{7B7637CF-E947-4D23-AC71-09998AF39549}.Release|Any CPU.Build.0 = Release|Any CPU
	EndGlobalSection
	GlobalSection(SolutionProperties) = preSolution
		HideSolutionNode = FALSE
	EndGlobalSection
	GlobalSection(ExtensibilityGlobals) = postSolution
		SolutionGuid = {55CBE4C9-CED2-479E-A235-BDF8C469C3F9}
	EndGlobalSection
EndGlobal
