
Microsoft Visual Studio Solution File, Format Version 12.00
# Visual Studio Version 17
VisualStudioVersion = 17.4.33122.133
MinimumVisualStudioVersion = 10.0.40219.1
Project("{9A19103F-16F7-4668-BE54-9A1E7A4F7556}") = "01.Encrypt,SortAndPrintArray", "01.Encrypt,SortAndPrintArray\01.Encrypt,SortAndPrintArray.csproj", "{ED886F18-1422-4857-B8BE-8E451D67027E}"
EndProject
Project("{FAE04EC0-301F-11D3-BF4B-00C04F79EFBC}") = "02.PascalTriangle", "02.PascalTriangle\02.PascalTriangle.csproj", "{2D18F6DB-49CB-48A1-ACAE-D13DC9FFA7AD}"
EndProject
Global
	GlobalSection(SolutionConfigurationPlatforms) = preSolution
		Debug|Any CPU = Debug|Any CPU
		Release|Any CPU = Release|Any CPU
	EndGlobalSection
	GlobalSection(ProjectConfigurationPlatforms) = postSolution
		{ED886F18-1422-4857-B8BE-8E451D67027E}.Debug|Any CPU.ActiveCfg = Debug|Any CPU
		{ED886F18-1422-4857-B8BE-8E451D67027E}.Debug|Any CPU.Build.0 = Debug|Any CPU
		{ED886F18-1422-4857-B8BE-8E451D67027E}.Release|Any CPU.ActiveCfg = Release|Any CPU
		{ED886F18-1422-4857-B8BE-8E451D67027E}.Release|Any CPU.Build.0 = Release|Any CPU
		{2D18F6DB-49CB-48A1-ACAE-D13DC9FFA7AD}.Debug|Any CPU.ActiveCfg = Debug|Any CPU
		{2D18F6DB-49CB-48A1-ACAE-D13DC9FFA7AD}.Debug|Any CPU.Build.0 = Debug|Any CPU
		{2D18F6DB-49CB-48A1-ACAE-D13DC9FFA7AD}.Release|Any CPU.ActiveCfg = Release|Any CPU
		{2D18F6DB-49CB-48A1-ACAE-D13DC9FFA7AD}.Release|Any CPU.Build.0 = Release|Any CPU
	EndGlobalSection
	GlobalSection(SolutionProperties) = preSolution
		HideSolutionNode = FALSE
	EndGlobalSection
	GlobalSection(ExtensibilityGlobals) = postSolution
		SolutionGuid = {0C10F9F5-1A44-4AD8-810D-DCE8BDBDFD0A}
	EndGlobalSection
EndGlobal
