
Microsoft Visual Studio Solution File, Format Version 12.00
# Visual Studio Version 17
VisualStudioVersion = 17.4.33122.133
MinimumVisualStudioVersion = 10.0.40219.1
Project("{FAE04EC0-301F-11D3-BF4B-00C04F79EFBC}") = "01.DaOfWeek", "01.DaOfWeek\01.DaOfWeek.csproj", "{BC197EFE-D732-42CA-85D5-4B6A604AAA01}"
EndProject
Global
	GlobalSection(SolutionConfigurationPlatforms) = preSolution
		Debug|Any CPU = Debug|Any CPU
		Release|Any CPU = Release|Any CPU
	EndGlobalSection
	GlobalSection(ProjectConfigurationPlatforms) = postSolution
		{BC197EFE-D732-42CA-85D5-4B6A604AAA01}.Debug|Any CPU.ActiveCfg = Debug|Any CPU
		{BC197EFE-D732-42CA-85D5-4B6A604AAA01}.Debug|Any CPU.Build.0 = Debug|Any CPU
		{BC197EFE-D732-42CA-85D5-4B6A604AAA01}.Release|Any CPU.ActiveCfg = Release|Any CPU
		{BC197EFE-D732-42CA-85D5-4B6A604AAA01}.Release|Any CPU.Build.0 = Release|Any CPU
	EndGlobalSection
	GlobalSection(SolutionProperties) = preSolution
		HideSolutionNode = FALSE
	EndGlobalSection
	GlobalSection(ExtensibilityGlobals) = postSolution
		SolutionGuid = {09880B7D-9265-455E-8016-479E0792303C}
	EndGlobalSection
EndGlobal
