
Microsoft Visual Studio Solution File, Format Version 12.00
# Visual Studio Version 17
VisualStudioVersion = 17.4.33122.133
MinimumVisualStudioVersion = 10.0.40219.1
Project("{FAE04EC0-301F-11D3-BF4B-00C04F79EFBC}") = "CustomDoubleLinkedList", "CustomDoubleLinkedList\CustomDoubleLinkedList.csproj", "{95F64247-BA33-499D-ACE2-05B832A9846F}"
EndProject
Global
	GlobalSection(SolutionConfigurationPlatforms) = preSolution
		Debug|Any CPU = Debug|Any CPU
		Release|Any CPU = Release|Any CPU
	EndGlobalSection
	GlobalSection(ProjectConfigurationPlatforms) = postSolution
		{95F64247-BA33-499D-ACE2-05B832A9846F}.Debug|Any CPU.ActiveCfg = Debug|Any CPU
		{95F64247-BA33-499D-ACE2-05B832A9846F}.Debug|Any CPU.Build.0 = Debug|Any CPU
		{95F64247-BA33-499D-ACE2-05B832A9846F}.Release|Any CPU.ActiveCfg = Release|Any CPU
		{95F64247-BA33-499D-ACE2-05B832A9846F}.Release|Any CPU.Build.0 = Release|Any CPU
	EndGlobalSection
	GlobalSection(SolutionProperties) = preSolution
		HideSolutionNode = FALSE
	EndGlobalSection
	GlobalSection(ExtensibilityGlobals) = postSolution
		SolutionGuid = {52522EF9-EA4C-46BE-BF5C-BFC8FE257679}
	EndGlobalSection
EndGlobal
