
Microsoft Visual Studio Solution File, Format Version 12.00
# Visual Studio Version 17
VisualStudioVersion = 17.3.32922.545
MinimumVisualStudioVersion = 10.0.40219.1
Project("{9A19103F-16F7-4668-BE54-9A1E7A4F7556}") = "01.SumSeconds", "01.SumSeconds\01.SumSeconds.csproj", "{11771A5E-FB1A-4A03-A939-88F1514AF082}"
EndProject
Project("{9A19103F-16F7-4668-BE54-9A1E7A4F7556}") = "02.BonusScore", "02.BonusScore\02.BonusScore.csproj", "{E520496D-B80F-4754-B9B0-BC73EBC9E616}"
EndProject
Project("{9A19103F-16F7-4668-BE54-9A1E7A4F7556}") = "03.Time+15 Minutes", "03.Time+15 Minutes\03.Time+15 Minutes.csproj", "{983ADBD5-23BF-47E1-AC7A-DBE3B3BFD06F}"
EndProject
Project("{9A19103F-16F7-4668-BE54-9A1E7A4F7556}") = "04.ToyShop", "04.ToyShop\04.ToyShop.csproj", "{7AFE9D35-EF39-4481-A986-19E21BDEAF5A}"
EndProject
Project("{9A19103F-16F7-4668-BE54-9A1E7A4F7556}") = "05.Godzillavs Kong", "05.Godzillavs Kong\05.Godzillavs Kong.csproj", "{9F3BBD1F-E8E6-4D1E-9EDB-8D1EE90BA673}"
EndProject
Project("{9A19103F-16F7-4668-BE54-9A1E7A4F7556}") = "06. World Swimming Record", "06. World Swimming Record\06. World Swimming Record.csproj", "{36A6F4D7-5051-494E-9324-655305702502}"
EndProject
Project("{9A19103F-16F7-4668-BE54-9A1E7A4F7556}") = "07. Shopping", "07. Shopping\07. Shopping.csproj", "{C3767AD7-F337-42BB-A067-6A09B797C3EB}"
EndProject
Project("{FAE04EC0-301F-11D3-BF4B-00C04F79EFBC}") = "08. Lunch Break", "08. Lunch Break\08. Lunch Break.csproj", "{E8C2B0E6-48F5-4C39-BC54-B76D4C34E4F8}"
EndProject
Global
	GlobalSection(SolutionConfigurationPlatforms) = preSolution
		Debug|Any CPU = Debug|Any CPU
		Release|Any CPU = Release|Any CPU
	EndGlobalSection
	GlobalSection(ProjectConfigurationPlatforms) = postSolution
		{11771A5E-FB1A-4A03-A939-88F1514AF082}.Debug|Any CPU.ActiveCfg = Debug|Any CPU
		{11771A5E-FB1A-4A03-A939-88F1514AF082}.Debug|Any CPU.Build.0 = Debug|Any CPU
		{11771A5E-FB1A-4A03-A939-88F1514AF082}.Release|Any CPU.ActiveCfg = Release|Any CPU
		{11771A5E-FB1A-4A03-A939-88F1514AF082}.Release|Any CPU.Build.0 = Release|Any CPU
		{E520496D-B80F-4754-B9B0-BC73EBC9E616}.Debug|Any CPU.ActiveCfg = Debug|Any CPU
		{E520496D-B80F-4754-B9B0-BC73EBC9E616}.Debug|Any CPU.Build.0 = Debug|Any CPU
		{E520496D-B80F-4754-B9B0-BC73EBC9E616}.Release|Any CPU.ActiveCfg = Release|Any CPU
		{E520496D-B80F-4754-B9B0-BC73EBC9E616}.Release|Any CPU.Build.0 = Release|Any CPU
		{983ADBD5-23BF-47E1-AC7A-DBE3B3BFD06F}.Debug|Any CPU.ActiveCfg = Debug|Any CPU
		{983ADBD5-23BF-47E1-AC7A-DBE3B3BFD06F}.Debug|Any CPU.Build.0 = Debug|Any CPU
		{983ADBD5-23BF-47E1-AC7A-DBE3B3BFD06F}.Release|Any CPU.ActiveCfg = Release|Any CPU
		{983ADBD5-23BF-47E1-AC7A-DBE3B3BFD06F}.Release|Any CPU.Build.0 = Release|Any CPU
		{7AFE9D35-EF39-4481-A986-19E21BDEAF5A}.Debug|Any CPU.ActiveCfg = Debug|Any CPU
		{7AFE9D35-EF39-4481-A986-19E21BDEAF5A}.Debug|Any CPU.Build.0 = Debug|Any CPU
		{7AFE9D35-EF39-4481-A986-19E21BDEAF5A}.Release|Any CPU.ActiveCfg = Release|Any CPU
		{7AFE9D35-EF39-4481-A986-19E21BDEAF5A}.Release|Any CPU.Build.0 = Release|Any CPU
		{9F3BBD1F-E8E6-4D1E-9EDB-8D1EE90BA673}.Debug|Any CPU.ActiveCfg = Debug|Any CPU
		{9F3BBD1F-E8E6-4D1E-9EDB-8D1EE90BA673}.Debug|Any CPU.Build.0 = Debug|Any CPU
		{9F3BBD1F-E8E6-4D1E-9EDB-8D1EE90BA673}.Release|Any CPU.ActiveCfg = Release|Any CPU
		{9F3BBD1F-E8E6-4D1E-9EDB-8D1EE90BA673}.Release|Any CPU.Build.0 = Release|Any CPU
		{36A6F4D7-5051-494E-9324-655305702502}.Debug|Any CPU.ActiveCfg = Debug|Any CPU
		{36A6F4D7-5051-494E-9324-655305702502}.Debug|Any CPU.Build.0 = Debug|Any CPU
		{36A6F4D7-5051-494E-9324-655305702502}.Release|Any CPU.ActiveCfg = Release|Any CPU
		{36A6F4D7-5051-494E-9324-655305702502}.Release|Any CPU.Build.0 = Release|Any CPU
		{C3767AD7-F337-42BB-A067-6A09B797C3EB}.Debug|Any CPU.ActiveCfg = Debug|Any CPU
		{C3767AD7-F337-42BB-A067-6A09B797C3EB}.Debug|Any CPU.Build.0 = Debug|Any CPU
		{C3767AD7-F337-42BB-A067-6A09B797C3EB}.Release|Any CPU.ActiveCfg = Release|Any CPU
		{C3767AD7-F337-42BB-A067-6A09B797C3EB}.Release|Any CPU.Build.0 = Release|Any CPU
		{E8C2B0E6-48F5-4C39-BC54-B76D4C34E4F8}.Debug|Any CPU.ActiveCfg = Debug|Any CPU
		{E8C2B0E6-48F5-4C39-BC54-B76D4C34E4F8}.Debug|Any CPU.Build.0 = Debug|Any CPU
		{E8C2B0E6-48F5-4C39-BC54-B76D4C34E4F8}.Release|Any CPU.ActiveCfg = Release|Any CPU
		{E8C2B0E6-48F5-4C39-BC54-B76D4C34E4F8}.Release|Any CPU.Build.0 = Release|Any CPU
	EndGlobalSection
	GlobalSection(SolutionProperties) = preSolution
		HideSolutionNode = FALSE
	EndGlobalSection
	GlobalSection(ExtensibilityGlobals) = postSolution
		SolutionGuid = {9E88DB0C-2017-495D-A90A-B65AFECF73D2}
	EndGlobalSection
EndGlobal
