
Microsoft Visual Studio Solution File, Format Version 12.00
# Visual Studio Version 17
VisualStudioVersion = 17.4.33122.133
MinimumVisualStudioVersion = 10.0.40219.1
Project("{FAE04EC0-301F-11D3-BF4B-00C04F79EFBC}") = "01.SmallestOfThreeNumbers", "01.SmallestOfThreeNumbers\01.SmallestOfThreeNumbers.csproj", "{80DF2EEA-5872-47D0-9DE9-EAB1F2D8A607}"
EndProject
Project("{FAE04EC0-301F-11D3-BF4B-00C04F79EFBC}") = "05.AddAndSubtract", "05.AddAndSubtract\05.AddAndSubtract.csproj", "{8D075C6C-FB34-435B-9FD4-3D05380BA6BE}"
EndProject
Project("{FAE04EC0-301F-11D3-BF4B-00C04F79EFBC}") = "08.FactorialDivision", "08.FactorialDivision\08.FactorialDivision.csproj", "{EFEE70AC-4396-47EF-AA25-E770CC60A827}"
EndProject
Project("{FAE04EC0-301F-11D3-BF4B-00C04F79EFBC}") = "10.TopNumber", "10.TopNumber\10.TopNumber.csproj", "{23FA7CCD-C50F-4BA9-A9B3-6F7803316808}"
EndProject
Project("{FAE04EC0-301F-11D3-BF4B-00C04F79EFBC}") = "09.PalindromeIntegers", "09.PalindromeIntegers\09.PalindromeIntegers.csproj", "{109BAA44-7C58-4F1E-AF64-03B9DF52D1CD}"
EndProject
Global
	GlobalSection(SolutionConfigurationPlatforms) = preSolution
		Debug|Any CPU = Debug|Any CPU
		Release|Any CPU = Release|Any CPU
	EndGlobalSection
	GlobalSection(ProjectConfigurationPlatforms) = postSolution
		{80DF2EEA-5872-47D0-9DE9-EAB1F2D8A607}.Debug|Any CPU.ActiveCfg = Debug|Any CPU
		{80DF2EEA-5872-47D0-9DE9-EAB1F2D8A607}.Debug|Any CPU.Build.0 = Debug|Any CPU
		{80DF2EEA-5872-47D0-9DE9-EAB1F2D8A607}.Release|Any CPU.ActiveCfg = Release|Any CPU
		{80DF2EEA-5872-47D0-9DE9-EAB1F2D8A607}.Release|Any CPU.Build.0 = Release|Any CPU
		{8D075C6C-FB34-435B-9FD4-3D05380BA6BE}.Debug|Any CPU.ActiveCfg = Debug|Any CPU
		{8D075C6C-FB34-435B-9FD4-3D05380BA6BE}.Debug|Any CPU.Build.0 = Debug|Any CPU
		{8D075C6C-FB34-435B-9FD4-3D05380BA6BE}.Release|Any CPU.ActiveCfg = Release|Any CPU
		{8D075C6C-FB34-435B-9FD4-3D05380BA6BE}.Release|Any CPU.Build.0 = Release|Any CPU
		{EFEE70AC-4396-47EF-AA25-E770CC60A827}.Debug|Any CPU.ActiveCfg = Debug|Any CPU
		{EFEE70AC-4396-47EF-AA25-E770CC60A827}.Debug|Any CPU.Build.0 = Debug|Any CPU
		{EFEE70AC-4396-47EF-AA25-E770CC60A827}.Release|Any CPU.ActiveCfg = Release|Any CPU
		{EFEE70AC-4396-47EF-AA25-E770CC60A827}.Release|Any CPU.Build.0 = Release|Any CPU
		{23FA7CCD-C50F-4BA9-A9B3-6F7803316808}.Debug|Any CPU.ActiveCfg = Debug|Any CPU
		{23FA7CCD-C50F-4BA9-A9B3-6F7803316808}.Debug|Any CPU.Build.0 = Debug|Any CPU
		{23FA7CCD-C50F-4BA9-A9B3-6F7803316808}.Release|Any CPU.ActiveCfg = Release|Any CPU
		{23FA7CCD-C50F-4BA9-A9B3-6F7803316808}.Release|Any CPU.Build.0 = Release|Any CPU
		{109BAA44-7C58-4F1E-AF64-03B9DF52D1CD}.Debug|Any CPU.ActiveCfg = Debug|Any CPU
		{109BAA44-7C58-4F1E-AF64-03B9DF52D1CD}.Debug|Any CPU.Build.0 = Debug|Any CPU
		{109BAA44-7C58-4F1E-AF64-03B9DF52D1CD}.Release|Any CPU.ActiveCfg = Release|Any CPU
		{109BAA44-7C58-4F1E-AF64-03B9DF52D1CD}.Release|Any CPU.Build.0 = Release|Any CPU
	EndGlobalSection
	GlobalSection(SolutionProperties) = preSolution
		HideSolutionNode = FALSE
	EndGlobalSection
	GlobalSection(ExtensibilityGlobals) = postSolution
		SolutionGuid = {41F54D8B-C7EB-4AFF-892C-90CDC2729923}
	EndGlobalSection
EndGlobal
