
Microsoft Visual Studio Solution File, Format Version 12.00
# Visual Studio Version 17
VisualStudioVersion = 17.4.33122.133
MinimumVisualStudioVersion = 10.0.40219.1
Project("{FAE04EC0-301F-11D3-BF4B-00C04F79EFBC}") = "01.SignOfIntegerNumbers", "01.SignOfIntegerNumbers\01.SignOfIntegerNumbers.csproj", "{6465A0E1-3784-4BB9-B629-23A983970AC5}"
EndProject
Project("{FAE04EC0-301F-11D3-BF4B-00C04F79EFBC}") = "02.Grades", "02.Grades\02.Grades.csproj", "{DFF3AF4B-45E8-4BCB-B334-D64EF1CB2C7F}"
EndProject
Project("{FAE04EC0-301F-11D3-BF4B-00C04F79EFBC}") = "03.Calculations", "03.Calculations\03.Calculations.csproj", "{F571490A-143D-482B-BCE6-B95C937E9F0A}"
EndProject
Project("{FAE04EC0-301F-11D3-BF4B-00C04F79EFBC}") = "05.Orders", "05.Orders\05.Orders.csproj", "{67589C4C-01AF-4BB5-9740-94D4E3CD8268}"
EndProject
Global
	GlobalSection(SolutionConfigurationPlatforms) = preSolution
		Debug|Any CPU = Debug|Any CPU
		Release|Any CPU = Release|Any CPU
	EndGlobalSection
	GlobalSection(ProjectConfigurationPlatforms) = postSolution
		{6465A0E1-3784-4BB9-B629-23A983970AC5}.Debug|Any CPU.ActiveCfg = Debug|Any CPU
		{6465A0E1-3784-4BB9-B629-23A983970AC5}.Debug|Any CPU.Build.0 = Debug|Any CPU
		{6465A0E1-3784-4BB9-B629-23A983970AC5}.Release|Any CPU.ActiveCfg = Release|Any CPU
		{6465A0E1-3784-4BB9-B629-23A983970AC5}.Release|Any CPU.Build.0 = Release|Any CPU
		{DFF3AF4B-45E8-4BCB-B334-D64EF1CB2C7F}.Debug|Any CPU.ActiveCfg = Debug|Any CPU
		{DFF3AF4B-45E8-4BCB-B334-D64EF1CB2C7F}.Debug|Any CPU.Build.0 = Debug|Any CPU
		{DFF3AF4B-45E8-4BCB-B334-D64EF1CB2C7F}.Release|Any CPU.ActiveCfg = Release|Any CPU
		{DFF3AF4B-45E8-4BCB-B334-D64EF1CB2C7F}.Release|Any CPU.Build.0 = Release|Any CPU
		{F571490A-143D-482B-BCE6-B95C937E9F0A}.Debug|Any CPU.ActiveCfg = Debug|Any CPU
		{F571490A-143D-482B-BCE6-B95C937E9F0A}.Debug|Any CPU.Build.0 = Debug|Any CPU
		{F571490A-143D-482B-BCE6-B95C937E9F0A}.Release|Any CPU.ActiveCfg = Release|Any CPU
		{F571490A-143D-482B-BCE6-B95C937E9F0A}.Release|Any CPU.Build.0 = Release|Any CPU
		{67589C4C-01AF-4BB5-9740-94D4E3CD8268}.Debug|Any CPU.ActiveCfg = Debug|Any CPU
		{67589C4C-01AF-4BB5-9740-94D4E3CD8268}.Debug|Any CPU.Build.0 = Debug|Any CPU
		{67589C4C-01AF-4BB5-9740-94D4E3CD8268}.Release|Any CPU.ActiveCfg = Release|Any CPU
		{67589C4C-01AF-4BB5-9740-94D4E3CD8268}.Release|Any CPU.Build.0 = Release|Any CPU
	EndGlobalSection
	GlobalSection(SolutionProperties) = preSolution
		HideSolutionNode = FALSE
	EndGlobalSection
	GlobalSection(ExtensibilityGlobals) = postSolution
		SolutionGuid = {8B429120-8764-4B69-B53D-B6800C16148D}
	EndGlobalSection
EndGlobal
