
Microsoft Visual Studio Solution File, Format Version 12.00
# Visual Studio Version 17
VisualStudioVersion = 17.4.33122.133
MinimumVisualStudioVersion = 10.0.40219.1
Project("{FAE04EC0-301F-11D3-BF4B-00C04F79EFBC}") = "Problem 1 - TheImitationGame", "Problem 1 - TheImitationGame\Problem 1 - TheImitationGame.csproj", "{8A995A24-736E-471B-B2E6-A520A7CFA835}"
EndProject
Project("{FAE04EC0-301F-11D3-BF4B-00C04F79EFBC}") = "Problem 2 - DestinationMapper", "Problem 2 - DestinationMapper\Problem 2 - DestinationMapper.csproj", "{FB6F2ED5-51E0-4244-804D-98DD7D7AE181}"
EndProject
Project("{FAE04EC0-301F-11D3-BF4B-00C04F79EFBC}") = "Problem 3 - NeedForSpeedIII", "Problem 3 - NeedForSpeedIII\Problem 3 - NeedForSpeedIII.csproj", "{E9F9E443-3710-40AA-8F20-0E4F1B6CE2BB}"
EndProject
Global
	GlobalSection(SolutionConfigurationPlatforms) = preSolution
		Debug|Any CPU = Debug|Any CPU
		Release|Any CPU = Release|Any CPU
	EndGlobalSection
	GlobalSection(ProjectConfigurationPlatforms) = postSolution
		{8A995A24-736E-471B-B2E6-A520A7CFA835}.Debug|Any CPU.ActiveCfg = Debug|Any CPU
		{8A995A24-736E-471B-B2E6-A520A7CFA835}.Debug|Any CPU.Build.0 = Debug|Any CPU
		{8A995A24-736E-471B-B2E6-A520A7CFA835}.Release|Any CPU.ActiveCfg = Release|Any CPU
		{8A995A24-736E-471B-B2E6-A520A7CFA835}.Release|Any CPU.Build.0 = Release|Any CPU
		{FB6F2ED5-51E0-4244-804D-98DD7D7AE181}.Debug|Any CPU.ActiveCfg = Debug|Any CPU
		{FB6F2ED5-51E0-4244-804D-98DD7D7AE181}.Debug|Any CPU.Build.0 = Debug|Any CPU
		{FB6F2ED5-51E0-4244-804D-98DD7D7AE181}.Release|Any CPU.ActiveCfg = Release|Any CPU
		{FB6F2ED5-51E0-4244-804D-98DD7D7AE181}.Release|Any CPU.Build.0 = Release|Any CPU
		{E9F9E443-3710-40AA-8F20-0E4F1B6CE2BB}.Debug|Any CPU.ActiveCfg = Debug|Any CPU
		{E9F9E443-3710-40AA-8F20-0E4F1B6CE2BB}.Debug|Any CPU.Build.0 = Debug|Any CPU
		{E9F9E443-3710-40AA-8F20-0E4F1B6CE2BB}.Release|Any CPU.ActiveCfg = Release|Any CPU
		{E9F9E443-3710-40AA-8F20-0E4F1B6CE2BB}.Release|Any CPU.Build.0 = Release|Any CPU
	EndGlobalSection
	GlobalSection(SolutionProperties) = preSolution
		HideSolutionNode = FALSE
	EndGlobalSection
	GlobalSection(ExtensibilityGlobals) = postSolution
		SolutionGuid = {114E7A91-A934-47E7-BE87-4808A4E71CF6}
	EndGlobalSection
EndGlobal
